
Microsoft Visual Studio Solution File, Format Version 12.00
# Visual Studio Version 17
VisualStudioVersion = 17.6.33723.286
MinimumVisualStudioVersion = 10.0.40219.1
Project("{FAE04EC0-301F-11D3-BF4B-00C04F79EFBC}") = "NS2-VS", "NS2-VS\NS2-VS.csproj", "{918906AD-3AD2-4EB2-87C1-DF243D03E69A}"
EndProject
Global
	GlobalSection(SolutionConfigurationPlatforms) = preSolution
		Debug|Any CPU = Debug|Any CPU
		Release|Any CPU = Release|Any CPU
	EndGlobalSection
	GlobalSection(ProjectConfigurationPlatforms) = postSolution
		{918906AD-3AD2-4EB2-87C1-DF243D03E69A}.Debug|Any CPU.ActiveCfg = Debug|Any CPU
		{918906AD-3AD2-4EB2-87C1-DF243D03E69A}.Debug|Any CPU.Build.0 = Debug|Any CPU
		{918906AD-3AD2-4EB2-87C1-DF243D03E69A}.Release|Any CPU.ActiveCfg = Release|Any CPU
		{918906AD-3AD2-4EB2-87C1-DF243D03E69A}.Release|Any CPU.Build.0 = Release|Any CPU
	EndGlobalSection
	GlobalSection(SolutionProperties) = preSolution
		HideSolutionNode = FALSE
	EndGlobalSection
	GlobalSection(ExtensibilityGlobals) = postSolution
		SolutionGuid = {88DADB5A-F502-4166-90BE-792A40EE9BAC}
	EndGlobalSection
EndGlobal
